
Microsoft Visual Studio Solution File, Format Version 12.00
# Visual Studio Version 17
VisualStudioVersion = 17.10.35027.167
MinimumVisualStudioVersion = 10.0.40219.1
Project("{9A19103F-16F7-4668-BE54-9A1E7A4F7556}") = "eAppointmentServer.Domain", "eAppointmentServer.Domain\eAppointmentServer.Domain.csproj", "{C70D7932-FDC5-49FB-ACB8-86DF1807A0EF}"
EndProject
Project("{9A19103F-16F7-4668-BE54-9A1E7A4F7556}") = "eAppointmentServer.Application", "eAppointmentServer.Application\eAppointmentServer.Application.csproj", "{C2F6C03B-9509-4F12-866E-45DE2C27665E}"
EndProject
Project("{9A19103F-16F7-4668-BE54-9A1E7A4F7556}") = "eAppointmentServer.Infrastructure", "Infrastructure\eAppointmentServer.Infrastructure.csproj", "{77F29003-02F4-4D70-911F-5C7028877FBA}"
EndProject
Project("{FAE04EC0-301F-11D3-BF4B-00C04F79EFBC}") = "eAppointmentServer.WebAPI", "eAppointmentServer.WebAPI\eAppointmentServer.WebAPI.csproj", "{8B44ABBE-F78D-48B2-8956-CD5FAB8CD800}"
EndProject
Global
	GlobalSection(SolutionConfigurationPlatforms) = preSolution
		Debug|Any CPU = Debug|Any CPU
		Release|Any CPU = Release|Any CPU
	EndGlobalSection
	GlobalSection(ProjectConfigurationPlatforms) = postSolution
		{C70D7932-FDC5-49FB-ACB8-86DF1807A0EF}.Debug|Any CPU.ActiveCfg = Debug|Any CPU
		{C70D7932-FDC5-49FB-ACB8-86DF1807A0EF}.Debug|Any CPU.Build.0 = Debug|Any CPU
		{C70D7932-FDC5-49FB-ACB8-86DF1807A0EF}.Release|Any CPU.ActiveCfg = Release|Any CPU
		{C70D7932-FDC5-49FB-ACB8-86DF1807A0EF}.Release|Any CPU.Build.0 = Release|Any CPU
		{C2F6C03B-9509-4F12-866E-45DE2C27665E}.Debug|Any CPU.ActiveCfg = Debug|Any CPU
		{C2F6C03B-9509-4F12-866E-45DE2C27665E}.Debug|Any CPU.Build.0 = Debug|Any CPU
		{C2F6C03B-9509-4F12-866E-45DE2C27665E}.Release|Any CPU.ActiveCfg = Release|Any CPU
		{C2F6C03B-9509-4F12-866E-45DE2C27665E}.Release|Any CPU.Build.0 = Release|Any CPU
		{77F29003-02F4-4D70-911F-5C7028877FBA}.Debug|Any CPU.ActiveCfg = Debug|Any CPU
		{77F29003-02F4-4D70-911F-5C7028877FBA}.Debug|Any CPU.Build.0 = Debug|Any CPU
		{77F29003-02F4-4D70-911F-5C7028877FBA}.Release|Any CPU.ActiveCfg = Release|Any CPU
		{77F29003-02F4-4D70-911F-5C7028877FBA}.Release|Any CPU.Build.0 = Release|Any CPU
		{8B44ABBE-F78D-48B2-8956-CD5FAB8CD800}.Debug|Any CPU.ActiveCfg = Debug|Any CPU
		{8B44ABBE-F78D-48B2-8956-CD5FAB8CD800}.Debug|Any CPU.Build.0 = Debug|Any CPU
		{8B44ABBE-F78D-48B2-8956-CD5FAB8CD800}.Release|Any CPU.ActiveCfg = Release|Any CPU
		{8B44ABBE-F78D-48B2-8956-CD5FAB8CD800}.Release|Any CPU.Build.0 = Release|Any CPU
	EndGlobalSection
	GlobalSection(SolutionProperties) = preSolution
		HideSolutionNode = FALSE
	EndGlobalSection
	GlobalSection(ExtensibilityGlobals) = postSolution
		SolutionGuid = {1E0DCF7D-6FDA-4025-A1D0-F9A6D0B00A8D}
	EndGlobalSection
EndGlobal
